
Microsoft Visual Studio Solution File, Format Version 12.00
# Visual Studio Version 16
VisualStudioVersion = 16.0.31624.102
MinimumVisualStudioVersion = 10.0.40219.1
Project("{FAE04EC0-301F-11D3-BF4B-00C04F79EFBC}") = "testSerializacion", "testSerializacion\testSerializacion.csproj", "{C1F5ADB9-9E0D-41B4-BD59-71475B0DFCC8}"
EndProject
Global
	GlobalSection(SolutionConfigurationPlatforms) = preSolution
		Debug|Any CPU = Debug|Any CPU
		Release|Any CPU = Release|Any CPU
	EndGlobalSection
	GlobalSection(ProjectConfigurationPlatforms) = postSolution
		{C1F5ADB9-9E0D-41B4-BD59-71475B0DFCC8}.Debug|Any CPU.ActiveCfg = Debug|Any CPU
		{C1F5ADB9-9E0D-41B4-BD59-71475B0DFCC8}.Debug|Any CPU.Build.0 = Debug|Any CPU
		{C1F5ADB9-9E0D-41B4-BD59-71475B0DFCC8}.Release|Any CPU.ActiveCfg = Release|Any CPU
		{C1F5ADB9-9E0D-41B4-BD59-71475B0DFCC8}.Release|Any CPU.Build.0 = Release|Any CPU
	EndGlobalSection
	GlobalSection(SolutionProperties) = preSolution
		HideSolutionNode = FALSE
	EndGlobalSection
	GlobalSection(ExtensibilityGlobals) = postSolution
		SolutionGuid = {D208BC84-5071-4101-B2E3-D8646D0D873C}
	EndGlobalSection
EndGlobal
